// !$*UTF8*$!
{
	archiveVersion = 1;
	classes = {
	};
	objectVersion = 50;
	objects = {

/* Begin PBXBuildFile section */
		3F082574208F0CA9002E4AD4 /* LoadingCell.xib in Resources */ = {isa = PBXBuildFile; fileRef = 3F082573208F0CA9002E4AD4 /* LoadingCell.xib */; };
		3F4B25032074B72C005A5A83 /* AppDelegate.swift in Sources */ = {isa = PBXBuildFile; fileRef = 3F4B25022074B72C005A5A83 /* AppDelegate.swift */; };
		3F4B25052074B72C005A5A83 /* SearchViewController.swift in Sources */ = {isa = PBXBuildFile; fileRef = 3F4B25042074B72C005A5A83 /* SearchViewController.swift */; };
		3F4B25082074B72C005A5A83 /* Main.storyboard in Resources */ = {isa = PBXBuildFile; fileRef = 3F4B25062074B72C005A5A83 /* Main.storyboard */; };
		3F4B250A2074B72D005A5A83 /* Assets.xcassets in Resources */ = {isa = PBXBuildFile; fileRef = 3F4B25092074B72D005A5A83 /* Assets.xcassets */; };
		3F4EF9EB20908F0D009E1EDD /* UIImageView+DownloadImage.swift in Sources */ = {isa = PBXBuildFile; fileRef = 3F4EF9EA20908F0D009E1EDD /* UIImageView+DownloadImage.swift */; };
		3F4EF9ED2091B8C8009E1EDD /* DetailViewController.swift in Sources */ = {isa = PBXBuildFile; fileRef = 3F4EF9EC2091B8C8009E1EDD /* DetailViewController.swift */; };
		3F4EF9EF2091BCB6009E1EDD /* DimmingPresentationController.swift in Sources */ = {isa = PBXBuildFile; fileRef = 3F4EF9EE2091BCB6009E1EDD /* DimmingPresentationController.swift */; };
		3F4EF9F120930D05009E1EDD /* GradientView.swift in Sources */ = {isa = PBXBuildFile; fileRef = 3F4EF9F020930D05009E1EDD /* GradientView.swift */; };
		3F4EF9F3209315EA009E1EDD /* BounceAnimationController.swift in Sources */ = {isa = PBXBuildFile; fileRef = 3F4EF9F2209315EA009E1EDD /* BounceAnimationController.swift */; };
		3F4EF9F520999D2D009E1EDD /* SlideOutAnimationController.swift in Sources */ = {isa = PBXBuildFile; fileRef = 3F4EF9F420999D2D009E1EDD /* SlideOutAnimationController.swift */; };
		3FAFCFB92074EE680004263B /* SearchResult.swift in Sources */ = {isa = PBXBuildFile; fileRef = 3FAFCFB82074EE680004263B /* SearchResult.swift */; };
		3FAFCFBB207CA3CE0004263B /* SearchResultCell.xib in Resources */ = {isa = PBXBuildFile; fileRef = 3FAFCFBA207CA3CE0004263B /* SearchResultCell.xib */; };
		3FAFCFBD207CB9EE0004263B /* SearchResultCell.swift in Sources */ = {isa = PBXBuildFile; fileRef = 3FAFCFBC207CB9EE0004263B /* SearchResultCell.swift */; };
		3FAFCFBF207CC5810004263B /* NothingFoundCell.xib in Resources */ = {isa = PBXBuildFile; fileRef = 3FAFCFBE207CC5810004263B /* NothingFoundCell.xib */; };
/* End PBXBuildFile section */

/* Begin PBXFileReference section */
		3F082573208F0CA9002E4AD4 /* LoadingCell.xib */ = {isa = PBXFileReference; lastKnownFileType = file.xib; path = LoadingCell.xib; sourceTree = "<group>"; };
		3F4B24FF2074B72C005A5A83 /* StoreSearch_6th_iOS11.app */ = {isa = PBXFileReference; explicitFileType = wrapper.application; includeInIndex = 0; path = StoreSearch_6th_iOS11.app; sourceTree = BUILT_PRODUCTS_DIR; };
		3F4B25022074B72C005A5A83 /* AppDelegate.swift */ = {isa = PBXFileReference; lastKnownFileType = sourcecode.swift; path = AppDelegate.swift; sourceTree = "<group>"; };
		3F4B25042074B72C005A5A83 /* SearchViewController.swift */ = {isa = PBXFileReference; lastKnownFileType = sourcecode.swift; path = SearchViewController.swift; sourceTree = "<group>"; };
		3F4B25072074B72C005A5A83 /* Base */ = {isa = PBXFileReference; lastKnownFileType = file.storyboard; name = Base; path = Base.lproj/Main.storyboard; sourceTree = "<group>"; };
		3F4B25092074B72D005A5A83 /* Assets.xcassets */ = {isa = PBXFileReference; lastKnownFileType = folder.assetcatalog; path = Assets.xcassets; sourceTree = "<group>"; };
		3F4B250E2074B72D005A5A83 /* Info.plist */ = {isa = PBXFileReference; lastKnownFileType = text.plist.xml; path = Info.plist; sourceTree = "<group>"; };
		3F4EF9EA20908F0D009E1EDD /* UIImageView+DownloadImage.swift */ = {isa = PBXFileReference; lastKnownFileType = sourcecode.swift; path = "UIImageView+DownloadImage.swift"; sourceTree = "<group>"; };
		3F4EF9EC2091B8C8009E1EDD /* DetailViewController.swift */ = {isa = PBXFileReference; lastKnownFileType = sourcecode.swift; path = DetailViewController.swift; sourceTree = "<group>"; };
		3F4EF9EE2091BCB6009E1EDD /* DimmingPresentationController.swift */ = {isa = PBXFileReference; lastKnownFileType = sourcecode.swift; path = DimmingPresentationController.swift; sourceTree = "<group>"; };
		3F4EF9F020930D05009E1EDD /* GradientView.swift */ = {isa = PBXFileReference; lastKnownFileType = sourcecode.swift; path = GradientView.swift; sourceTree = "<group>"; };
		3F4EF9F2209315EA009E1EDD /* BounceAnimationController.swift */ = {isa = PBXFileReference; lastKnownFileType = sourcecode.swift; path = BounceAnimationController.swift; sourceTree = "<group>"; };
		3F4EF9F420999D2D009E1EDD /* SlideOutAnimationController.swift */ = {isa = PBXFileReference; lastKnownFileType = sourcecode.swift; path = SlideOutAnimationController.swift; sourceTree = "<group>"; };
		3FAFCFB82074EE680004263B /* SearchResult.swift */ = {isa = PBXFileReference; lastKnownFileType = sourcecode.swift; path = SearchResult.swift; sourceTree = "<group>"; };
		3FAFCFBA207CA3CE0004263B /* SearchResultCell.xib */ = {isa = PBXFileReference; lastKnownFileType = file.xib; path = SearchResultCell.xib; sourceTree = "<group>"; };
		3FAFCFBC207CB9EE0004263B /* SearchResultCell.swift */ = {isa = PBXFileReference; lastKnownFileType = sourcecode.swift; path = SearchResultCell.swift; sourceTree = "<group>"; };
		3FAFCFBE207CC5810004263B /* NothingFoundCell.xib */ = {isa = PBXFileReference; lastKnownFileType = file.xib; path = NothingFoundCell.xib; sourceTree = "<group>"; };
/* End PBXFileReference section */

/* Begin PBXFrameworksBuildPhase section */
		3F4B24FC2074B72C005A5A83 /* Frameworks */ = {
			isa = PBXFrameworksBuildPhase;
			buildActionMask = 2147483647;
			files = (
			);
			runOnlyForDeploymentPostprocessing = 0;
		};
/* End PBXFrameworksBuildPhase section */

/* Begin PBXGroup section */
		3F4B24F62074B72C005A5A83 = {
			isa = PBXGroup;
			children = (
				3F4B25012074B72C005A5A83 /* StoreSearch_6th_iOS11 */,
				3F4B25002074B72C005A5A83 /* Products */,
			);
			sourceTree = "<group>";
		};
		3F4B25002074B72C005A5A83 /* Products */ = {
			isa = PBXGroup;
			children = (
				3F4B24FF2074B72C005A5A83 /* StoreSearch_6th_iOS11.app */,
			);
			name = Products;
			sourceTree = "<group>";
		};
		3F4B25012074B72C005A5A83 /* StoreSearch_6th_iOS11 */ = {
			isa = PBXGroup;
			children = (
				3F4B25022074B72C005A5A83 /* AppDelegate.swift */,
				3F4B25092074B72D005A5A83 /* Assets.xcassets */,
				3F4EF9F2209315EA009E1EDD /* BounceAnimationController.swift */,
				3F4EF9EC2091B8C8009E1EDD /* DetailViewController.swift */,
				3F4EF9EE2091BCB6009E1EDD /* DimmingPresentationController.swift */,
				3F4EF9F020930D05009E1EDD /* GradientView.swift */,
				3F4B250E2074B72D005A5A83 /* Info.plist */,
				3F082573208F0CA9002E4AD4 /* LoadingCell.xib */,
				3F4B25062074B72C005A5A83 /* Main.storyboard */,
				3FAFCFBE207CC5810004263B /* NothingFoundCell.xib */,
				3FAFCFB82074EE680004263B /* SearchResult.swift */,
				3FAFCFBC207CB9EE0004263B /* SearchResultCell.swift */,
				3FAFCFBA207CA3CE0004263B /* SearchResultCell.xib */,
				3F4B25042074B72C005A5A83 /* SearchViewController.swift */,
				3F4EF9F420999D2D009E1EDD /* SlideOutAnimationController.swift */,
				3F4EF9EA20908F0D009E1EDD /* UIImageView+DownloadImage.swift */,
			);
			path = StoreSearch_6th_iOS11;
			sourceTree = "<group>";
		};
/* End PBXGroup section */

/* Begin PBXNativeTarget section */
		3F4B24FE2074B72C005A5A83 /* StoreSearch_6th_iOS11 */ = {
			isa = PBXNativeTarget;
			buildConfigurationList = 3F4B25112074B72D005A5A83 /* Build configuration list for PBXNativeTarget "StoreSearch_6th_iOS11" */;
			buildPhases = (
				3F4B24FB2074B72C005A5A83 /* Sources */,
				3F4B24FC2074B72C005A5A83 /* Frameworks */,
				3F4B24FD2074B72C005A5A83 /* Resources */,
			);
			buildRules = (
			);
			dependencies = (
			);
			name = StoreSearch_6th_iOS11;
			productName = StoreSearch_6th_iOS11;
			productReference = 3F4B24FF2074B72C005A5A83 /* StoreSearch_6th_iOS11.app */;
			productType = "com.apple.product-type.application";
		};
/* End PBXNativeTarget section */

/* Begin PBXProject section */
		3F4B24F72074B72C005A5A83 /* Project object */ = {
			isa = PBXProject;
			attributes = {
				LastSwiftUpdateCheck = 0930;
				LastUpgradeCheck = 0930;
				ORGANIZATIONNAME = "Vlado Velkovski";
				TargetAttributes = {
					3F4B24FE2074B72C005A5A83 = {
						CreatedOnToolsVersion = 9.3;
					};
				};
			};
			buildConfigurationList = 3F4B24FA2074B72C005A5A83 /* Build configuration list for PBXProject "StoreSearch_6th_iOS11" */;
			compatibilityVersion = "Xcode 9.3";
			developmentRegion = en;
			hasScannedForEncodings = 0;
			knownRegions = (
				en,
				Base,
			);
			mainGroup = 3F4B24F62074B72C005A5A83;
			productRefGroup = 3F4B25002074B72C005A5A83 /* Products */;
			projectDirPath = "";
			projectRoot = "";
			targets = (
				3F4B24FE2074B72C005A5A83 /* StoreSearch_6th_iOS11 */,
			);
		};
/* End PBXProject section */

/* Begin PBXResourcesBuildPhase section */
		3F4B24FD2074B72C005A5A83 /* Resources */ = {
			isa = PBXResourcesBuildPhase;
			buildActionMask = 2147483647;
			files = (
				3F4B250A2074B72D005A5A83 /* Assets.xcassets in Resources */,
				3F082574208F0CA9002E4AD4 /* LoadingCell.xib in Resources */,
				3FAFCFBB207CA3CE0004263B /* SearchResultCell.xib in Resources */,
				3FAFCFBF207CC5810004263B /* NothingFoundCell.xib in Resources */,
				3F4B25082074B72C005A5A83 /* Main.storyboard in Resources */,
			);
			runOnlyForDeploymentPostprocessing = 0;
		};
/* End PBXResourcesBuildPhase section */

/* Begin PBXSourcesBuildPhase section */
		3F4B24FB2074B72C005A5A83 /* Sources */ = {
			isa = PBXSourcesBuildPhase;
			buildActionMask = 2147483647;
			files = (
				3F4B25052074B72C005A5A83 /* SearchViewController.swift in Sources */,
				3F4EF9EF2091BCB6009E1EDD /* DimmingPresentationController.swift in Sources */,
				3FAFCFB92074EE680004263B /* SearchResult.swift in Sources */,
				3FAFCFBD207CB9EE0004263B /* SearchResultCell.swift in Sources */,
				3F4EF9F3209315EA009E1EDD /* BounceAnimationController.swift in Sources */,
				3F4EF9ED2091B8C8009E1EDD /* DetailViewController.swift in Sources */,
				3F4EF9F120930D05009E1EDD /* GradientView.swift in Sources */,
				3F4B25032074B72C005A5A83 /* AppDelegate.swift in Sources */,
				3F4EF9EB20908F0D009E1EDD /* UIImageView+DownloadImage.swift in Sources */,
				3F4EF9F520999D2D009E1EDD /* SlideOutAnimationController.swift in Sources */,
			);
			runOnlyForDeploymentPostprocessing = 0;
		};
/* End PBXSourcesBuildPhase section */

/* Begin PBXVariantGroup section */
		3F4B25062074B72C005A5A83 /* Main.storyboard */ = {
			isa = PBXVariantGroup;
			children = (
				3F4B25072074B72C005A5A83 /* Base */,
			);
			name = Main.storyboard;
			sourceTree = "<group>";
		};
/* End PBXVariantGroup section */

/* Begin XCBuildConfiguration section */
		3F4B250F2074B72D005A5A83 /* Debug */ = {
			isa = XCBuildConfiguration;
			buildSettings = {
				ALWAYS_SEARCH_USER_PATHS = NO;
				CLANG_ANALYZER_NONNULL = YES;
				CLANG_ANALYZER_NUMBER_OBJECT_CONVERSION = YES_AGGRESSIVE;
				CLANG_CXX_LANGUAGE_STANDARD = "gnu++14";
				CLANG_CXX_LIBRARY = "libc++";
				CLANG_ENABLE_MODULES = YES;
				CLANG_ENABLE_OBJC_ARC = YES;
				CLANG_ENABLE_OBJC_WEAK = YES;
				CLANG_WARN_BLOCK_CAPTURE_AUTORELEASING = YES;
				CLANG_WARN_BOOL_CONVERSION = YES;
				CLANG_WARN_COMMA = YES;
				CLANG_WARN_CONSTANT_CONVERSION = YES;
				CLANG_WARN_DEPRECATED_OBJC_IMPLEMENTATIONS = YES;
				CLANG_WARN_DIRECT_OBJC_ISA_USAGE = YES_ERROR;
				CLANG_WARN_DOCUMENTATION_COMMENTS = YES;
				CLANG_WARN_EMPTY_BODY = YES;
				CLANG_WARN_ENUM_CONVERSION = YES;
				CLANG_WARN_INFINITE_RECURSION = YES;
				CLANG_WARN_INT_CONVERSION = YES;
				CLANG_WARN_NON_LITERAL_NULL_CONVERSION = YES;
				CLANG_WARN_OBJC_IMPLICIT_RETAIN_SELF = YES;
				CLANG_WARN_OBJC_LITERAL_CONVERSION = YES;
				CLANG_WARN_OBJC_ROOT_CLASS = YES_ERROR;
				CLANG_WARN_RANGE_LOOP_ANALYSIS = YES;
				CLANG_WARN_STRICT_PROTOTYPES = YES;
				CLANG_WARN_SUSPICIOUS_MOVE = YES;
				CLANG_WARN_UNGUARDED_AVAILABILITY = YES_AGGRESSIVE;
				CLANG_WARN_UNREACHABLE_CODE = YES;
				CLANG_WARN__DUPLICATE_METHOD_MATCH = YES;
				CODE_SIGN_IDENTITY = "iPhone Developer";
				COPY_PHASE_STRIP = NO;
				DEBUG_INFORMATION_FORMAT = dwarf;
				ENABLE_STRICT_OBJC_MSGSEND = YES;
				ENABLE_TESTABILITY = YES;
				GCC_C_LANGUAGE_STANDARD = gnu11;
				GCC_DYNAMIC_NO_PIC = NO;
				GCC_NO_COMMON_BLOCKS = YES;
				GCC_OPTIMIZATION_LEVEL = 0;
				GCC_PREPROCESSOR_DEFINITIONS = (
					"DEBUG=1",
					"$(inherited)",
				);
				GCC_WARN_64_TO_32_BIT_CONVERSION = YES;
				GCC_WARN_ABOUT_RETURN_TYPE = YES_ERROR;
				GCC_WARN_UNDECLARED_SELECTOR = YES;
				GCC_WARN_UNINITIALIZED_AUTOS = YES_AGGRESSIVE;
				GCC_WARN_UNUSED_FUNCTION = YES;
				GCC_WARN_UNUSED_VARIABLE = YES;
				IPHONEOS_DEPLOYMENT_TARGET = 10.0;
				MTL_ENABLE_DEBUG_INFO = YES;
				ONLY_ACTIVE_ARCH = YES;
				SDKROOT = iphoneos;
				SWIFT_ACTIVE_COMPILATION_CONDITIONS = DEBUG;
				SWIFT_OPTIMIZATION_LEVEL = "-Onone";
			};
			name = Debug;
		};
		3F4B25102074B72D005A5A83 /* Release */ = {
			isa = XCBuildConfiguration;
			buildSettings = {
				ALWAYS_SEARCH_USER_PATHS = NO;
				CLANG_ANALYZER_NONNULL = YES;
				CLANG_ANALYZER_NUMBER_OBJECT_CONVERSION = YES_AGGRESSIVE;
				CLANG_CXX_LANGUAGE_STANDARD = "gnu++14";
				CLANG_CXX_LIBRARY = "libc++";
				CLANG_ENABLE_MODULES = YES;
				CLANG_ENABLE_OBJC_ARC = YES;
				CLANG_ENABLE_OBJC_WEAK = YES;
				CLANG_WARN_BLOCK_CAPTURE_AUTORELEASING = YES;
				CLANG_WARN_BOOL_CONVERSION = YES;
				CLANG_WARN_COMMA = YES;
				CLANG_WARN_CONSTANT_CONVERSION = YES;
				CLANG_WARN_DEPRECATED_OBJC_IMPLEMENTATIONS = YES;
				CLANG_WARN_DIRECT_OBJC_ISA_USAGE = YES_ERROR;
				CLANG_WARN_DOCUMENTATION_COMMENTS = YES;
				CLANG_WARN_EMPTY_BODY = YES;
				CLANG_WARN_ENUM_CONVERSION = YES;
				CLANG_WARN_INFINITE_RECURSION = YES;
				CLANG_WARN_INT_CONVERSION = YES;
				CLANG_WARN_NON_LITERAL_NULL_CONVERSION = YES;
				CLANG_WARN_OBJC_IMPLICIT_RETAIN_SELF = YES;
				CLANG_WARN_OBJC_LITERAL_CONVERSION = YES;
				CLANG_WARN_OBJC_ROOT_CLASS = YES_ERROR;
				CLANG_WARN_RANGE_LOOP_ANALYSIS = YES;
				CLANG_WARN_STRICT_PROTOTYPES = YES;
				CLANG_WARN_SUSPICIOUS_MOVE = YES;
				CLANG_WARN_UNGUARDED_AVAILABILITY = YES_AGGRESSIVE;
				CLANG_WARN_UNREACHABLE_CODE = YES;
				CLANG_WARN__DUPLICATE_METHOD_MATCH = YES;
				CODE_SIGN_IDENTITY = "iPhone Developer";
				COPY_PHASE_STRIP = NO;
				DEBUG_INFORMATION_FORMAT = "dwarf-with-dsym";
				ENABLE_NS_ASSERTIONS = NO;
				ENABLE_STRICT_OBJC_MSGSEND = YES;
				GCC_C_LANGUAGE_STANDARD = gnu11;
				GCC_NO_COMMON_BLOCKS = YES;
				GCC_WARN_64_TO_32_BIT_CONVERSION = YES;
				GCC_WARN_ABOUT_RETURN_TYPE = YES_ERROR;
				GCC_WARN_UNDECLARED_SELECTOR = YES;
				GCC_WARN_UNINITIALIZED_AUTOS = YES_AGGRESSIVE;
				GCC_WARN_UNUSED_FUNCTION = YES;
				GCC_WARN_UNUSED_VARIABLE = YES;
				IPHONEOS_DEPLOYMENT_TARGET = 10.0;
				MTL_ENABLE_DEBUG_INFO = NO;
				SDKROOT = iphoneos;
				SWIFT_COMPILATION_MODE = wholemodule;
				SWIFT_OPTIMIZATION_LEVEL = "-O";
				VALIDATE_PRODUCT = YES;
			};
			name = Release;
		};
		3F4B25122074B72D005A5A83 /* Debug */ = {
			isa = XCBuildConfiguration;
			buildSettings = {
				ASSETCATALOG_COMPILER_APPICON_NAME = AppIcon;
				CODE_SIGN_STYLE = Automatic;
				DEVELOPMENT_TEAM = 9LT72B3VBQ;
				INFOPLIST_FILE = StoreSearch_6th_iOS11/Info.plist;
				LD_RUNPATH_SEARCH_PATHS = (
					"$(inherited)",
					"@executable_path/Frameworks",
				);
				PRODUCT_BUNDLE_IDENTIFIER = "mk.com.bugzy.homeinc.StoreSearch-6th-iOS11";
				PRODUCT_NAME = "$(TARGET_NAME)";
				SWIFT_VERSION = 4.0;
				TARGETED_DEVICE_FAMILY = "1,2";
			};
			name = Debug;
		};
		3F4B25132074B72D005A5A83 /* Release */ = {
			isa = XCBuildConfiguration;
			buildSettings = {
				ASSETCATALOG_COMPILER_APPICON_NAME = AppIcon;
				CODE_SIGN_STYLE = Automatic;
				DEVELOPMENT_TEAM = 9LT72B3VBQ;
				INFOPLIST_FILE = StoreSearch_6th_iOS11/Info.plist;
				LD_RUNPATH_SEARCH_PATHS = (
					"$(inherited)",
					"@executable_path/Frameworks",
				);
				PRODUCT_BUNDLE_IDENTIFIER = "mk.com.bugzy.homeinc.StoreSearch-6th-iOS11";
				PRODUCT_NAME = "$(TARGET_NAME)";
				SWIFT_VERSION = 4.0;
				TARGETED_DEVICE_FAMILY = "1,2";
			};
			name = Release;
		};
/* End XCBuildConfiguration section */

/* Begin XCConfigurationList section */
		3F4B24FA2074B72C005A5A83 /* Build configuration list for PBXProject "StoreSearch_6th_iOS11" */ = {
			isa = XCConfigurationList;
			buildConfigurations = (
				3F4B250F2074B72D005A5A83 /* Debug */,
				3F4B25102074B72D005A5A83 /* Release */,
			);
			defaultConfigurationIsVisible = 0;
			defaultConfigurationName = Release;
		};
		3F4B25112074B72D005A5A83 /* Build configuration list for PBXNativeTarget "StoreSearch_6th_iOS11" */ = {
			isa = XCConfigurationList;
			buildConfigurations = (
				3F4B25122074B72D005A5A83 /* Debug */,
				3F4B25132074B72D005A5A83 /* Release */,
			);
			defaultConfigurationIsVisible = 0;
			defaultConfigurationName = Release;
		};
/* End XCConfigurationList section */
	};
	rootObject = 3F4B24F72074B72C005A5A83 /* Project object */;
}
